{
  "name": "example",
  "version": "0.0.1",
  "lockfileVersion": 1,
  "requires": true,
  "dependencies": {
    "react-native-email-action": {
      "version": "1.0.5",
      "resolved": "https://registry.npmjs.org/react-native-email-action/-/react-native-email-action-1.0.5.tgz",
      "integrity": "sha512-YuIcwsimGwppjxqS+Mqu6YQHkmIiemhK2hj2FdbPX0RJrancmq4XPx2azHCryZiY6sqcpVMxbn5FU/x3vws/Ag=="
    }
  }
}
